
Microsoft Visual Studio Solution File, Format Version 12.00
# Visual Studio Version 17
VisualStudioVersion = 17.7.34221.43
MinimumVisualStudioVersion = 10.0.40219.1
Project("{FAE04EC0-301F-11D3-BF4B-00C04F79EFBC}") = "WebSoccer", "WebSoccer\WebSoccer.csproj", "{3DA44F1A-8282-4E0B-90C0-6F298F4ACA3C}"
EndProject
Global
	GlobalSection(SolutionConfigurationPlatforms) = preSolution
		Debug|Any CPU = Debug|Any CPU
		Release|Any CPU = Release|Any CPU
	EndGlobalSection
	GlobalSection(ProjectConfigurationPlatforms) = postSolution
		{3DA44F1A-8282-4E0B-90C0-6F298F4ACA3C}.Debug|Any CPU.ActiveCfg = Debug|Any CPU
		{3DA44F1A-8282-4E0B-90C0-6F298F4ACA3C}.Debug|Any CPU.Build.0 = Debug|Any CPU
		{3DA44F1A-8282-4E0B-90C0-6F298F4ACA3C}.Release|Any CPU.ActiveCfg = Release|Any CPU
		{3DA44F1A-8282-4E0B-90C0-6F298F4ACA3C}.Release|Any CPU.Build.0 = Release|Any CPU
	EndGlobalSection
	GlobalSection(SolutionProperties) = preSolution
		HideSolutionNode = FALSE
	EndGlobalSection
	GlobalSection(ExtensibilityGlobals) = postSolution
		SolutionGuid = {A87F419D-F082-4A40-95A9-8E4D22AC6452}
	EndGlobalSection
EndGlobal
